// !$*UTF8*$!
{
	archiveVersion = 1;
	classes = {
	};
	objectVersion = 46;
	objects = {

/* Begin PBXBuildFile section */
		1965E4911BDE61EC007D2687 /* AppDelegate.swift in Sources */ = {isa = PBXBuildFile; fileRef = 1965E4901BDE61EC007D2687 /* AppDelegate.swift */; };
		1965E4931BDE61EC007D2687 /* ViewController.swift in Sources */ = {isa = PBXBuildFile; fileRef = 1965E4921BDE61EC007D2687 /* ViewController.swift */; };
		1965E4961BDE61EC007D2687 /* Main.storyboard in Resources */ = {isa = PBXBuildFile; fileRef = 1965E4941BDE61EC007D2687 /* Main.storyboard */; };
		1965E4981BDE61EC007D2687 /* Images.xcassets in Resources */ = {isa = PBXBuildFile; fileRef = 1965E4971BDE61EC007D2687 /* Images.xcassets */; };
		1965E49B1BDE61EC007D2687 /* LaunchScreen.xib in Resources */ = {isa = PBXBuildFile; fileRef = 1965E4991BDE61EC007D2687 /* LaunchScreen.xib */; };
		1965E4A71BDE61EC007D2687 /* RotateControlTests.swift in Sources */ = {isa = PBXBuildFile; fileRef = 1965E4A61BDE61EC007D2687 /* RotateControlTests.swift */; };
		1965E4B21BDE6883007D2687 /* WZRotateSlider.swift in Sources */ = {isa = PBXBuildFile; fileRef = 1965E4B11BDE6883007D2687 /* WZRotateSlider.swift */; };
		1965E4B41BDE9257007D2687 /* Operator.swift in Sources */ = {isa = PBXBuildFile; fileRef = 1965E4B31BDE9257007D2687 /* Operator.swift */; };
/* End PBXBuildFile section */

/* Begin PBXContainerItemProxy section */
		1965E4A11BDE61EC007D2687 /* PBXContainerItemProxy */ = {
			isa = PBXContainerItemProxy;
			containerPortal = 1965E4831BDE61EC007D2687 /* Project object */;
			proxyType = 1;
			remoteGlobalIDString = 1965E48A1BDE61EC007D2687;
			remoteInfo = RotateControl;
		};
/* End PBXContainerItemProxy section */

/* Begin PBXFileReference section */
		1965E48B1BDE61EC007D2687 /* RotateControl.app */ = {isa = PBXFileReference; explicitFileType = wrapper.application; includeInIndex = 0; path = RotateControl.app; sourceTree = BUILT_PRODUCTS_DIR; };
		1965E48F1BDE61EC007D2687 /* Info.plist */ = {isa = PBXFileReference; lastKnownFileType = text.plist.xml; path = Info.plist; sourceTree = "<group>"; };
		1965E4901BDE61EC007D2687 /* AppDelegate.swift */ = {isa = PBXFileReference; lastKnownFileType = sourcecode.swift; path = AppDelegate.swift; sourceTree = "<group>"; };
		1965E4921BDE61EC007D2687 /* ViewController.swift */ = {isa = PBXFileReference; lastKnownFileType = sourcecode.swift; path = ViewController.swift; sourceTree = "<group>"; };
		1965E4951BDE61EC007D2687 /* Base */ = {isa = PBXFileReference; lastKnownFileType = file.storyboard; name = Base; path = Base.lproj/Main.storyboard; sourceTree = "<group>"; };
		1965E4971BDE61EC007D2687 /* Images.xcassets */ = {isa = PBXFileReference; lastKnownFileType = folder.assetcatalog; path = Images.xcassets; sourceTree = "<group>"; };
		1965E49A1BDE61EC007D2687 /* Base */ = {isa = PBXFileReference; lastKnownFileType = file.xib; name = Base; path = Base.lproj/LaunchScreen.xib; sourceTree = "<group>"; };
		1965E4A01BDE61EC007D2687 /* RotateControlTests.xctest */ = {isa = PBXFileReference; explicitFileType = wrapper.cfbundle; includeInIndex = 0; path = RotateControlTests.xctest; sourceTree = BUILT_PRODUCTS_DIR; };
		1965E4A51BDE61EC007D2687 /* Info.plist */ = {isa = PBXFileReference; lastKnownFileType = text.plist.xml; path = Info.plist; sourceTree = "<group>"; };
		1965E4A61BDE61EC007D2687 /* RotateControlTests.swift */ = {isa = PBXFileReference; lastKnownFileType = sourcecode.swift; path = RotateControlTests.swift; sourceTree = "<group>"; };
		1965E4B11BDE6883007D2687 /* WZRotateSlider.swift */ = {isa = PBXFileReference; fileEncoding = 4; lastKnownFileType = sourcecode.swift; path = WZRotateSlider.swift; sourceTree = "<group>"; };
		1965E4B31BDE9257007D2687 /* Operator.swift */ = {isa = PBXFileReference; fileEncoding = 4; lastKnownFileType = sourcecode.swift; path = Operator.swift; sourceTree = "<group>"; };
/* End PBXFileReference section */

/* Begin PBXFrameworksBuildPhase section */
		1965E4881BDE61EC007D2687 /* Frameworks */ = {
			isa = PBXFrameworksBuildPhase;
			buildActionMask = 2147483647;
			files = (
			);
			runOnlyForDeploymentPostprocessing = 0;
		};
		1965E49D1BDE61EC007D2687 /* Frameworks */ = {
			isa = PBXFrameworksBuildPhase;
			buildActionMask = 2147483647;
			files = (
			);
			runOnlyForDeploymentPostprocessing = 0;
		};
/* End PBXFrameworksBuildPhase section */

/* Begin PBXGroup section */
		1965E4821BDE61EC007D2687 = {
			isa = PBXGroup;
			children = (
				1965E48D1BDE61EC007D2687 /* RotateControl */,
				1965E4A31BDE61EC007D2687 /* RotateControlTests */,
				1965E48C1BDE61EC007D2687 /* Products */,
			);
			sourceTree = "<group>";
		};
		1965E48C1BDE61EC007D2687 /* Products */ = {
			isa = PBXGroup;
			children = (
				1965E48B1BDE61EC007D2687 /* RotateControl.app */,
				1965E4A01BDE61EC007D2687 /* RotateControlTests.xctest */,
			);
			name = Products;
			sourceTree = "<group>";
		};
		1965E48D1BDE61EC007D2687 /* RotateControl */ = {
			isa = PBXGroup;
			children = (
				1965E4B01BDE686A007D2687 /* WZRotateControlView */,
				1965E4901BDE61EC007D2687 /* AppDelegate.swift */,
				1965E4921BDE61EC007D2687 /* ViewController.swift */,
				1965E4941BDE61EC007D2687 /* Main.storyboard */,
				1965E4971BDE61EC007D2687 /* Images.xcassets */,
				1965E4991BDE61EC007D2687 /* LaunchScreen.xib */,
				1965E48E1BDE61EC007D2687 /* Supporting Files */,
			);
			path = RotateControl;
			sourceTree = "<group>";
		};
		1965E48E1BDE61EC007D2687 /* Supporting Files */ = {
			isa = PBXGroup;
			children = (
				1965E48F1BDE61EC007D2687 /* Info.plist */,
			);
			name = "Supporting Files";
			sourceTree = "<group>";
		};
		1965E4A31BDE61EC007D2687 /* RotateControlTests */ = {
			isa = PBXGroup;
			children = (
				1965E4A61BDE61EC007D2687 /* RotateControlTests.swift */,
				1965E4A41BDE61EC007D2687 /* Supporting Files */,
			);
			path = RotateControlTests;
			sourceTree = "<group>";
		};
		1965E4A41BDE61EC007D2687 /* Supporting Files */ = {
			isa = PBXGroup;
			children = (
				1965E4A51BDE61EC007D2687 /* Info.plist */,
			);
			name = "Supporting Files";
			sourceTree = "<group>";
		};
		1965E4B01BDE686A007D2687 /* WZRotateControlView */ = {
			isa = PBXGroup;
			children = (
				1965E4B11BDE6883007D2687 /* WZRotateSlider.swift */,
				1965E4B31BDE9257007D2687 /* Operator.swift */,
			);
			name = WZRotateControlView;
			sourceTree = "<group>";
		};
/* End PBXGroup section */

/* Begin PBXNativeTarget section */
		1965E48A1BDE61EC007D2687 /* RotateControl */ = {
			isa = PBXNativeTarget;
			buildConfigurationList = 1965E4AA1BDE61EC007D2687 /* Build configuration list for PBXNativeTarget "RotateControl" */;
			buildPhases = (
				1965E4871BDE61EC007D2687 /* Sources */,
				1965E4881BDE61EC007D2687 /* Frameworks */,
				1965E4891BDE61EC007D2687 /* Resources */,
			);
			buildRules = (
			);
			dependencies = (
			);
			name = RotateControl;
			productName = RotateControl;
			productReference = 1965E48B1BDE61EC007D2687 /* RotateControl.app */;
			productType = "com.apple.product-type.application";
		};
		1965E49F1BDE61EC007D2687 /* RotateControlTests */ = {
			isa = PBXNativeTarget;
			buildConfigurationList = 1965E4AD1BDE61EC007D2687 /* Build configuration list for PBXNativeTarget "RotateControlTests" */;
			buildPhases = (
				1965E49C1BDE61EC007D2687 /* Sources */,
				1965E49D1BDE61EC007D2687 /* Frameworks */,
				1965E49E1BDE61EC007D2687 /* Resources */,
			);
			buildRules = (
			);
			dependencies = (
				1965E4A21BDE61EC007D2687 /* PBXTargetDependency */,
			);
			name = RotateControlTests;
			productName = RotateControlTests;
			productReference = 1965E4A01BDE61EC007D2687 /* RotateControlTests.xctest */;
			productType = "com.apple.product-type.bundle.unit-test";
		};
/* End PBXNativeTarget section */

/* Begin PBXProject section */
		1965E4831BDE61EC007D2687 /* Project object */ = {
			isa = PBXProject;
			attributes = {
				LastUpgradeCheck = 0630;
				ORGANIZATIONNAME = SatanWoo;
				TargetAttributes = {
					1965E48A1BDE61EC007D2687 = {
						CreatedOnToolsVersion = 6.3.1;
					};
					1965E49F1BDE61EC007D2687 = {
						CreatedOnToolsVersion = 6.3.1;
						TestTargetID = 1965E48A1BDE61EC007D2687;
					};
				};
			};
			buildConfigurationList = 1965E4861BDE61EC007D2687 /* Build configuration list for PBXProject "RotateControl" */;
			compatibilityVersion = "Xcode 3.2";
			developmentRegion = English;
			hasScannedForEncodings = 0;
			knownRegions = (
				en,
				Base,
			);
			mainGroup = 1965E4821BDE61EC007D2687;
			productRefGroup = 1965E48C1BDE61EC007D2687 /* Products */;
			projectDirPath = "";
			projectRoot = "";
			targets = (
				1965E48A1BDE61EC007D2687 /* RotateControl */,
				1965E49F1BDE61EC007D2687 /* RotateControlTests */,
			);
		};
/* End PBXProject section */

/* Begin PBXResourcesBuildPhase section */
		1965E4891BDE61EC007D2687 /* Resources */ = {
			isa = PBXResourcesBuildPhase;
			buildActionMask = 2147483647;
			files = (
				1965E4961BDE61EC007D2687 /* Main.storyboard in Resources */,
				1965E49B1BDE61EC007D2687 /* LaunchScreen.xib in Resources */,
				1965E4981BDE61EC007D2687 /* Images.xcassets in Resources */,
			);
			runOnlyForDeploymentPostprocessing = 0;
		};
		1965E49E1BDE61EC007D2687 /* Resources */ = {
			isa = PBXResourcesBuildPhase;
			buildActionMask = 2147483647;
			files = (
			);
			runOnlyForDeploymentPostprocessing = 0;
		};
/* End PBXResourcesBuildPhase section */

/* Begin PBXSourcesBuildPhase section */
		1965E4871BDE61EC007D2687 /* Sources */ = {
			isa = PBXSourcesBuildPhase;
			buildActionMask = 2147483647;
			files = (
				1965E4931BDE61EC007D2687 /* ViewController.swift in Sources */,
				1965E4B41BDE9257007D2687 /* Operator.swift in Sources */,
				1965E4911BDE61EC007D2687 /* AppDelegate.swift in Sources */,
				1965E4B21BDE6883007D2687 /* WZRotateSlider.swift in Sources */,
			);
			runOnlyForDeploymentPostprocessing = 0;
		};
		1965E49C1BDE61EC007D2687 /* Sources */ = {
			isa = PBXSourcesBuildPhase;
			buildActionMask = 2147483647;
			files = (
				1965E4A71BDE61EC007D2687 /* RotateControlTests.swift in Sources */,
			);
			runOnlyForDeploymentPostprocessing = 0;
		};
/* End PBXSourcesBuildPhase section */

/* Begin PBXTargetDependency section */
		1965E4A21BDE61EC007D2687 /* PBXTargetDependency */ = {
			isa = PBXTargetDependency;
			target = 1965E48A1BDE61EC007D2687 /* RotateControl */;
			targetProxy = 1965E4A11BDE61EC007D2687 /* PBXContainerItemProxy */;
		};
/* End PBXTargetDependency section */

/* Begin PBXVariantGroup section */
		1965E4941BDE61EC007D2687 /* Main.storyboard */ = {
			isa = PBXVariantGroup;
			children = (
				1965E4951BDE61EC007D2687 /* Base */,
			);
			name = Main.storyboard;
			sourceTree = "<group>";
		};
		1965E4991BDE61EC007D2687 /* LaunchScreen.xib */ = {
			isa = PBXVariantGroup;
			children = (
				1965E49A1BDE61EC007D2687 /* Base */,
			);
			name = LaunchScreen.xib;
			sourceTree = "<group>";
		};
/* End PBXVariantGroup section */

/* Begin XCBuildConfiguration section */
		1965E4A81BDE61EC007D2687 /* Debug */ = {
			isa = XCBuildConfiguration;
			buildSettings = {
				ALWAYS_SEARCH_USER_PATHS = NO;
				CLANG_CXX_LANGUAGE_STANDARD = "gnu++0x";
				CLANG_CXX_LIBRARY = "libc++";
				CLANG_ENABLE_MODULES = YES;
				CLANG_ENABLE_OBJC_ARC = YES;
				CLANG_WARN_BOOL_CONVERSION = YES;
				CLANG_WARN_CONSTANT_CONVERSION = YES;
				CLANG_WARN_DIRECT_OBJC_ISA_USAGE = YES_ERROR;
				CLANG_WARN_EMPTY_BODY = YES;
				CLANG_WARN_ENUM_CONVERSION = YES;
				CLANG_WARN_INT_CONVERSION = YES;
				CLANG_WARN_OBJC_ROOT_CLASS = YES_ERROR;
				CLANG_WARN_UNREACHABLE_CODE = YES;
				CLANG_WARN__DUPLICATE_METHOD_MATCH = YES;
				"CODE_SIGN_IDENTITY[sdk=iphoneos*]" = "iPhone Developer";
				COPY_PHASE_STRIP = NO;
				DEBUG_INFORMATION_FORMAT = "dwarf-with-dsym";
				ENABLE_STRICT_OBJC_MSGSEND = YES;
				GCC_C_LANGUAGE_STANDARD = gnu99;
				GCC_DYNAMIC_NO_PIC = NO;
				GCC_NO_COMMON_BLOCKS = YES;
				GCC_OPTIMIZATION_LEVEL = 0;
				GCC_PREPROCESSOR_DEFINITIONS = (
					"DEBUG=1",
					"$(inherited)",
				);
				GCC_SYMBOLS_PRIVATE_EXTERN = NO;
				GCC_WARN_64_TO_32_BIT_CONVERSION = YES;
				GCC_WARN_ABOUT_RETURN_TYPE = YES_ERROR;
				GCC_WARN_UNDECLARED_SELECTOR = YES;
				GCC_WARN_UNINITIALIZED_AUTOS = YES_AGGRESSIVE;
				GCC_WARN_UNUSED_FUNCTION = YES;
				GCC_WARN_UNUSED_VARIABLE = YES;
				IPHONEOS_DEPLOYMENT_TARGET = 8.3;
				MTL_ENABLE_DEBUG_INFO = YES;
				ONLY_ACTIVE_ARCH = YES;
				SDKROOT = iphoneos;
				SWIFT_OPTIMIZATION_LEVEL = "-Onone";
			};
			name = Debug;
		};
		1965E4A91BDE61EC007D2687 /* Release */ = {
			isa = XCBuildConfiguration;
			buildSettings = {
				ALWAYS_SEARCH_USER_PATHS = NO;
				CLANG_CXX_LANGUAGE_STANDARD = "gnu++0x";
				CLANG_CXX_LIBRARY = "libc++";
				CLANG_ENABLE_MODULES = YES;
				CLANG_ENABLE_OBJC_ARC = YES;
				CLANG_WARN_BOOL_CONVERSION = YES;
				CLANG_WARN_CONSTANT_CONVERSION = YES;
				CLANG_WARN_DIRECT_OBJC_ISA_USAGE = YES_ERROR;
				CLANG_WARN_EMPTY_BODY = YES;
				CLANG_WARN_ENUM_CONVERSION = YES;
				CLANG_WARN_INT_CONVERSION = YES;
				CLANG_WARN_OBJC_ROOT_CLASS = YES_ERROR;
				CLANG_WARN_UNREACHABLE_CODE = YES;
				CLANG_WARN__DUPLICATE_METHOD_MATCH = YES;
				"CODE_SIGN_IDENTITY[sdk=iphoneos*]" = "iPhone Developer";
				COPY_PHASE_STRIP = NO;
				DEBUG_INFORMATION_FORMAT = "dwarf-with-dsym";
				ENABLE_NS_ASSERTIONS = NO;
				ENABLE_STRICT_OBJC_MSGSEND = YES;
				GCC_C_LANGUAGE_STANDARD = gnu99;
				GCC_NO_COMMON_BLOCKS = YES;
				GCC_WARN_64_TO_32_BIT_CONVERSION = YES;
				GCC_WARN_ABOUT_RETURN_TYPE = YES_ERROR;
				GCC_WARN_UNDECLARED_SELECTOR = YES;
				GCC_WARN_UNINITIALIZED_AUTOS = YES_AGGRESSIVE;
				GCC_WARN_UNUSED_FUNCTION = YES;
				GCC_WARN_UNUSED_VARIABLE = YES;
				IPHONEOS_DEPLOYMENT_TARGET = 8.3;
				MTL_ENABLE_DEBUG_INFO = NO;
				SDKROOT = iphoneos;
				VALIDATE_PRODUCT = YES;
			};
			name = Release;
		};
		1965E4AB1BDE61EC007D2687 /* Debug */ = {
			isa = XCBuildConfiguration;
			buildSettings = {
				ASSETCATALOG_COMPILER_APPICON_NAME = AppIcon;
				INFOPLIST_FILE = RotateControl/Info.plist;
				LD_RUNPATH_SEARCH_PATHS = "$(inherited) @executable_path/Frameworks";
				PRODUCT_NAME = "$(TARGET_NAME)";
			};
			name = Debug;
		};
		1965E4AC1BDE61EC007D2687 /* Release */ = {
			isa = XCBuildConfiguration;
			buildSettings = {
				ASSETCATALOG_COMPILER_APPICON_NAME = AppIcon;
				INFOPLIST_FILE = RotateControl/Info.plist;
				LD_RUNPATH_SEARCH_PATHS = "$(inherited) @executable_path/Frameworks";
				PRODUCT_NAME = "$(TARGET_NAME)";
			};
			name = Release;
		};
		1965E4AE1BDE61EC007D2687 /* Debug */ = {
			isa = XCBuildConfiguration;
			buildSettings = {
				BUNDLE_LOADER = "$(TEST_HOST)";
				FRAMEWORK_SEARCH_PATHS = (
					"$(SDKROOT)/Developer/Library/Frameworks",
					"$(inherited)",
				);
				GCC_PREPROCESSOR_DEFINITIONS = (
					"DEBUG=1",
					"$(inherited)",
				);
				INFOPLIST_FILE = RotateControlTests/Info.plist;
				LD_RUNPATH_SEARCH_PATHS = "$(inherited) @executable_path/Frameworks @loader_path/Frameworks";
				PRODUCT_NAME = "$(TARGET_NAME)";
				TEST_HOST = "$(BUILT_PRODUCTS_DIR)/RotateControl.app/RotateControl";
			};
			name = Debug;
		};
		1965E4AF1BDE61EC007D2687 /* Release */ = {
			isa = XCBuildConfiguration;
			buildSettings = {
				BUNDLE_LOADER = "$(TEST_HOST)";
				FRAMEWORK_SEARCH_PATHS = (
					"$(SDKROOT)/Developer/Library/Frameworks",
					"$(inherited)",
				);
				INFOPLIST_FILE = RotateControlTests/Info.plist;
				LD_RUNPATH_SEARCH_PATHS = "$(inherited) @executable_path/Frameworks @loader_path/Frameworks";
				PRODUCT_NAME = "$(TARGET_NAME)";
				TEST_HOST = "$(BUILT_PRODUCTS_DIR)/RotateControl.app/RotateControl";
			};
			name = Release;
		};
/* End XCBuildConfiguration section */

/* Begin XCConfigurationList section */
		1965E4861BDE61EC007D2687 /* Build configuration list for PBXProject "RotateControl" */ = {
			isa = XCConfigurationList;
			buildConfigurations = (
				1965E4A81BDE61EC007D2687 /* Debug */,
				1965E4A91BDE61EC007D2687 /* Release */,
			);
			defaultConfigurationIsVisible = 0;
			defaultConfigurationName = Release;
		};
		1965E4AA1BDE61EC007D2687 /* Build configuration list for PBXNativeTarget "RotateControl" */ = {
			isa = XCConfigurationList;
			buildConfigurations = (
				1965E4AB1BDE61EC007D2687 /* Debug */,
				1965E4AC1BDE61EC007D2687 /* Release */,
			);
			defaultConfigurationIsVisible = 0;
		};
		1965E4AD1BDE61EC007D2687 /* Build configuration list for PBXNativeTarget "RotateControlTests" */ = {
			isa = XCConfigurationList;
			buildConfigurations = (
				1965E4AE1BDE61EC007D2687 /* Debug */,
				1965E4AF1BDE61EC007D2687 /* Release */,
			);
			defaultConfigurationIsVisible = 0;
		};
/* End XCConfigurationList section */
	};
	rootObject = 1965E4831BDE61EC007D2687 /* Project object */;
}
